// !$*UTF8*$!
{
	archiveVersion = 1;
	classes = {
	};
	objectVersion = 46;
	objects = {

/* Begin PBXBuildFile section */
		723B90901B86CCD0A9BEA1E8 /* Pods.framework in Frameworks */ = {isa = PBXBuildFile; fileRef = C47D1F2218BE025AF7E0FAE9 /* Pods.framework */; };
		7B15DD411C20DB8E007BACB9 /* SimpleChainViewController.swift in Sources */ = {isa = PBXBuildFile; fileRef = 7B15DD401C20DB8E007BACB9 /* SimpleChainViewController.swift */; };
		7B15DD431C20E2DF007BACB9 /* BrokenChainViewController.swift in Sources */ = {isa = PBXBuildFile; fileRef = 7B15DD421C20E2DF007BACB9 /* BrokenChainViewController.swift */; };
		7BA6A0611C20D42C00A41460 /* AppDelegate.swift in Sources */ = {isa = PBXBuildFile; fileRef = 7BA6A0601C20D42C00A41460 /* AppDelegate.swift */; };
		7BA6A0661C20D42C00A41460 /* Main.storyboard in Resources */ = {isa = PBXBuildFile; fileRef = 7BA6A0641C20D42C00A41460 /* Main.storyboard */; };
		7BA6A0681C20D42C00A41460 /* Assets.xcassets in Resources */ = {isa = PBXBuildFile; fileRef = 7BA6A0671C20D42C00A41460 /* Assets.xcassets */; };
		7BA6A06B1C20D42C00A41460 /* LaunchScreen.storyboard in Resources */ = {isa = PBXBuildFile; fileRef = 7BA6A0691C20D42C00A41460 /* LaunchScreen.storyboard */; };
/* End PBXBuildFile section */

/* Begin PBXFileReference section */
		6B8395C2D9F2107BEB58B283 /* Pods.debug.xcconfig */ = {isa = PBXFileReference; includeInIndex = 1; lastKnownFileType = text.xcconfig; name = Pods.debug.xcconfig; path = "Pods/Target Support Files/Pods/Pods.debug.xcconfig"; sourceTree = "<group>"; };
		7B15DD401C20DB8E007BACB9 /* SimpleChainViewController.swift */ = {isa = PBXFileReference; fileEncoding = 4; lastKnownFileType = sourcecode.swift; path = SimpleChainViewController.swift; sourceTree = "<group>"; };
		7B15DD421C20E2DF007BACB9 /* BrokenChainViewController.swift */ = {isa = PBXFileReference; fileEncoding = 4; lastKnownFileType = sourcecode.swift; path = BrokenChainViewController.swift; sourceTree = "<group>"; };
		7BA6A05D1C20D42C00A41460 /* Showcase.app */ = {isa = PBXFileReference; explicitFileType = wrapper.application; includeInIndex = 0; path = Showcase.app; sourceTree = BUILT_PRODUCTS_DIR; };
		7BA6A0601C20D42C00A41460 /* AppDelegate.swift */ = {isa = PBXFileReference; lastKnownFileType = sourcecode.swift; path = AppDelegate.swift; sourceTree = "<group>"; };
		7BA6A0651C20D42C00A41460 /* Base */ = {isa = PBXFileReference; lastKnownFileType = file.storyboard; name = Base; path = Base.lproj/Main.storyboard; sourceTree = "<group>"; };
		7BA6A0671C20D42C00A41460 /* Assets.xcassets */ = {isa = PBXFileReference; lastKnownFileType = folder.assetcatalog; path = Assets.xcassets; sourceTree = "<group>"; };
		7BA6A06A1C20D42C00A41460 /* Base */ = {isa = PBXFileReference; lastKnownFileType = file.storyboard; name = Base; path = Base.lproj/LaunchScreen.storyboard; sourceTree = "<group>"; };
		7BA6A06C1C20D42C00A41460 /* Info.plist */ = {isa = PBXFileReference; lastKnownFileType = text.plist.xml; path = Info.plist; sourceTree = "<group>"; };
		C47D1F2218BE025AF7E0FAE9 /* Pods.framework */ = {isa = PBXFileReference; explicitFileType = wrapper.framework; includeInIndex = 0; path = Pods.framework; sourceTree = BUILT_PRODUCTS_DIR; };
		F3047AEDE1ECD27398B457BA /* Pods.release.xcconfig */ = {isa = PBXFileReference; includeInIndex = 1; lastKnownFileType = text.xcconfig; name = Pods.release.xcconfig; path = "Pods/Target Support Files/Pods/Pods.release.xcconfig"; sourceTree = "<group>"; };
/* End PBXFileReference section */

/* Begin PBXFrameworksBuildPhase section */
		7BA6A05A1C20D42C00A41460 /* Frameworks */ = {
			isa = PBXFrameworksBuildPhase;
			buildActionMask = 2147483647;
			files = (
				723B90901B86CCD0A9BEA1E8 /* Pods.framework in Frameworks */,
			);
			runOnlyForDeploymentPostprocessing = 0;
		};
/* End PBXFrameworksBuildPhase section */

/* Begin PBXGroup section */
		78574B5DDA90BFE6F751BCE3 /* Frameworks */ = {
			isa = PBXGroup;
			children = (
				C47D1F2218BE025AF7E0FAE9 /* Pods.framework */,
			);
			name = Frameworks;
			sourceTree = "<group>";
		};
		7984B65F16EA6388D392C7C6 /* Pods */ = {
			isa = PBXGroup;
			children = (
				6B8395C2D9F2107BEB58B283 /* Pods.debug.xcconfig */,
				F3047AEDE1ECD27398B457BA /* Pods.release.xcconfig */,
			);
			name = Pods;
			sourceTree = "<group>";
		};
		7BA6A0541C20D42C00A41460 = {
			isa = PBXGroup;
			children = (
				7BA6A05F1C20D42C00A41460 /* Showcase */,
				7BA6A05E1C20D42C00A41460 /* Products */,
				7984B65F16EA6388D392C7C6 /* Pods */,
				78574B5DDA90BFE6F751BCE3 /* Frameworks */,
			);
			sourceTree = "<group>";
		};
		7BA6A05E1C20D42C00A41460 /* Products */ = {
			isa = PBXGroup;
			children = (
				7BA6A05D1C20D42C00A41460 /* Showcase.app */,
			);
			name = Products;
			sourceTree = "<group>";
		};
		7BA6A05F1C20D42C00A41460 /* Showcase */ = {
			isa = PBXGroup;
			children = (
				7BA6A0601C20D42C00A41460 /* AppDelegate.swift */,
				7B15DD401C20DB8E007BACB9 /* SimpleChainViewController.swift */,
				7B15DD421C20E2DF007BACB9 /* BrokenChainViewController.swift */,
				7BA6A0641C20D42C00A41460 /* Main.storyboard */,
				7BA6A0671C20D42C00A41460 /* Assets.xcassets */,
				7BA6A0691C20D42C00A41460 /* LaunchScreen.storyboard */,
				7BA6A06C1C20D42C00A41460 /* Info.plist */,
			);
			path = Showcase;
			sourceTree = "<group>";
		};
/* End PBXGroup section */

/* Begin PBXNativeTarget section */
		7BA6A05C1C20D42C00A41460 /* Showcase */ = {
			isa = PBXNativeTarget;
			buildConfigurationList = 7BA6A06F1C20D42C00A41460 /* Build configuration list for PBXNativeTarget "Showcase" */;
			buildPhases = (
				FD37C3F306C7A255FCBB7655 /* Check Pods Manifest.lock */,
				7BA6A0591C20D42C00A41460 /* Sources */,
				7BA6A05A1C20D42C00A41460 /* Frameworks */,
				7BA6A05B1C20D42C00A41460 /* Resources */,
				7F309DE3E5C04127419E87D4 /* Embed Pods Frameworks */,
				127D7DC944FC132902CE6928 /* Copy Pods Resources */,
			);
			buildRules = (
			);
			dependencies = (
			);
			name = Showcase;
			productName = Showcase;
			productReference = 7BA6A05D1C20D42C00A41460 /* Showcase.app */;
			productType = "com.apple.product-type.application";
		};
/* End PBXNativeTarget section */

/* Begin PBXProject section */
		7BA6A0551C20D42C00A41460 /* Project object */ = {
			isa = PBXProject;
			attributes = {
				LastSwiftUpdateCheck = 0720;
				LastUpgradeCheck = 0720;
				ORGANIZATIONNAME = "Ali Karagoz";
				TargetAttributes = {
					7BA6A05C1C20D42C00A41460 = {
						CreatedOnToolsVersion = 7.2;
						DevelopmentTeam = W4KHXBA29T;
					};
				};
			};
			buildConfigurationList = 7BA6A0581C20D42C00A41460 /* Build configuration list for PBXProject "Showcase" */;
			compatibilityVersion = "Xcode 3.2";
			developmentRegion = English;
			hasScannedForEncodings = 0;
			knownRegions = (
				en,
				Base,
			);
			mainGroup = 7BA6A0541C20D42C00A41460;
			productRefGroup = 7BA6A05E1C20D42C00A41460 /* Products */;
			projectDirPath = "";
			projectRoot = "";
			targets = (
				7BA6A05C1C20D42C00A41460 /* Showcase */,
			);
		};
/* End PBXProject section */

/* Begin PBXResourcesBuildPhase section */
		7BA6A05B1C20D42C00A41460 /* Resources */ = {
			isa = PBXResourcesBuildPhase;
			buildActionMask = 2147483647;
			files = (
				7BA6A06B1C20D42C00A41460 /* LaunchScreen.storyboard in Resources */,
				7BA6A0681C20D42C00A41460 /* Assets.xcassets in Resources */,
				7BA6A0661C20D42C00A41460 /* Main.storyboard in Resources */,
			);
			runOnlyForDeploymentPostprocessing = 0;
		};
/* End PBXResourcesBuildPhase section */

/* Begin PBXShellScriptBuildPhase section */
		127D7DC944FC132902CE6928 /* Copy Pods Resources */ = {
			isa = PBXShellScriptBuildPhase;
			buildActionMask = 2147483647;
			files = (
			);
			inputPaths = (
			);
			name = "Copy Pods Resources";
			outputPaths = (
			);
			runOnlyForDeploymentPostprocessing = 0;
			shellPath = /bin/sh;
			shellScript = "\"${SRCROOT}/Pods/Target Support Files/Pods/Pods-resources.sh\"\n";
			showEnvVarsInLog = 0;
		};
		7F309DE3E5C04127419E87D4 /* Embed Pods Frameworks */ = {
			isa = PBXShellScriptBuildPhase;
			buildActionMask = 2147483647;
			files = (
			);
			inputPaths = (
			);
			name = "Embed Pods Frameworks";
			outputPaths = (
			);
			runOnlyForDeploymentPostprocessing = 0;
			shellPath = /bin/sh;
			shellScript = "\"${SRCROOT}/Pods/Target Support Files/Pods/Pods-frameworks.sh\"\n";
			showEnvVarsInLog = 0;
		};
		FD37C3F306C7A255FCBB7655 /* Check Pods Manifest.lock */ = {
			isa = PBXShellScriptBuildPhase;
			buildActionMask = 2147483647;
			files = (
			);
			inputPaths = (
			);
			name = "Check Pods Manifest.lock";
			outputPaths = (
			);
			runOnlyForDeploymentPostprocessing = 0;
			shellPath = /bin/sh;
			shellScript = "diff \"${PODS_ROOT}/../Podfile.lock\" \"${PODS_ROOT}/Manifest.lock\" > /dev/null\nif [[ $? != 0 ]] ; then\n    cat << EOM\nerror: The sandbox is not in sync with the Podfile.lock. Run 'pod install' or update your CocoaPods installation.\nEOM\n    exit 1\nfi\n";
			showEnvVarsInLog = 0;
		};
/* End PBXShellScriptBuildPhase section */

/* Begin PBXSourcesBuildPhase section */
		7BA6A0591C20D42C00A41460 /* Sources */ = {
			isa = PBXSourcesBuildPhase;
			buildActionMask = 2147483647;
			files = (
				7B15DD411C20DB8E007BACB9 /* SimpleChainViewController.swift in Sources */,
				7B15DD431C20E2DF007BACB9 /* BrokenChainViewController.swift in Sources */,
				7BA6A0611C20D42C00A41460 /* AppDelegate.swift in Sources */,
			);
			runOnlyForDeploymentPostprocessing = 0;
		};
/* End PBXSourcesBuildPhase section */

/* Begin PBXVariantGroup section */
		7BA6A0641C20D42C00A41460 /* Main.storyboard */ = {
			isa = PBXVariantGroup;
			children = (
				7BA6A0651C20D42C00A41460 /* Base */,
			);
			name = Main.storyboard;
			sourceTree = "<group>";
		};
		7BA6A0691C20D42C00A41460 /* LaunchScreen.storyboard */ = {
			isa = PBXVariantGroup;
			children = (
				7BA6A06A1C20D42C00A41460 /* Base */,
			);
			name = LaunchScreen.storyboard;
			sourceTree = "<group>";
		};
/* End PBXVariantGroup section */

/* Begin XCBuildConfiguration section */
		7BA6A06D1C20D42C00A41460 /* Debug */ = {
			isa = XCBuildConfiguration;
			buildSettings = {
				ALWAYS_SEARCH_USER_PATHS = NO;
				CLANG_CXX_LANGUAGE_STANDARD = "gnu++0x";
				CLANG_CXX_LIBRARY = "libc++";
				CLANG_ENABLE_MODULES = YES;
				CLANG_ENABLE_OBJC_ARC = YES;
				CLANG_WARN_BOOL_CONVERSION = YES;
				CLANG_WARN_CONSTANT_CONVERSION = YES;
				CLANG_WARN_DIRECT_OBJC_ISA_USAGE = YES_ERROR;
				CLANG_WARN_EMPTY_BODY = YES;
				CLANG_WARN_ENUM_CONVERSION = YES;
				CLANG_WARN_INT_CONVERSION = YES;
				CLANG_WARN_OBJC_ROOT_CLASS = YES_ERROR;
				CLANG_WARN_UNREACHABLE_CODE = YES;
				CLANG_WARN__DUPLICATE_METHOD_MATCH = YES;
				"CODE_SIGN_IDENTITY[sdk=iphoneos*]" = "iPhone Developer";
				COPY_PHASE_STRIP = NO;
				DEBUG_INFORMATION_FORMAT = dwarf;
				ENABLE_STRICT_OBJC_MSGSEND = YES;
				ENABLE_TESTABILITY = YES;
				GCC_C_LANGUAGE_STANDARD = gnu99;
				GCC_DYNAMIC_NO_PIC = NO;
				GCC_NO_COMMON_BLOCKS = YES;
				GCC_OPTIMIZATION_LEVEL = 0;
				GCC_PREPROCESSOR_DEFINITIONS = (
					"DEBUG=1",
					"$(inherited)",
				);
				GCC_WARN_64_TO_32_BIT_CONVERSION = YES;
				GCC_WARN_ABOUT_RETURN_TYPE = YES_ERROR;
				GCC_WARN_UNDECLARED_SELECTOR = YES;
				GCC_WARN_UNINITIALIZED_AUTOS = YES_AGGRESSIVE;
				GCC_WARN_UNUSED_FUNCTION = YES;
				GCC_WARN_UNUSED_VARIABLE = YES;
				IPHONEOS_DEPLOYMENT_TARGET = 9.2;
				MTL_ENABLE_DEBUG_INFO = YES;
				ONLY_ACTIVE_ARCH = YES;
				SDKROOT = iphoneos;
				SWIFT_OPTIMIZATION_LEVEL = "-Onone";
				TARGETED_DEVICE_FAMILY = "1,2";
			};
			name = Debug;
		};
		7BA6A06E1C20D42C00A41460 /* Release */ = {
			isa = XCBuildConfiguration;
			buildSettings = {
				ALWAYS_SEARCH_USER_PATHS = NO;
				CLANG_CXX_LANGUAGE_STANDARD = "gnu++0x";
				CLANG_CXX_LIBRARY = "libc++";
				CLANG_ENABLE_MODULES = YES;
				CLANG_ENABLE_OBJC_ARC = YES;
				CLANG_WARN_BOOL_CONVERSION = YES;
				CLANG_WARN_CONSTANT_CONVERSION = YES;
				CLANG_WARN_DIRECT_OBJC_ISA_USAGE = YES_ERROR;
				CLANG_WARN_EMPTY_BODY = YES;
				CLANG_WARN_ENUM_CONVERSION = YES;
				CLANG_WARN_INT_CONVERSION = YES;
				CLANG_WARN_OBJC_ROOT_CLASS = YES_ERROR;
				CLANG_WARN_UNREACHABLE_CODE = YES;
				CLANG_WARN__DUPLICATE_METHOD_MATCH = YES;
				"CODE_SIGN_IDENTITY[sdk=iphoneos*]" = "iPhone Developer";
				COPY_PHASE_STRIP = NO;
				DEBUG_INFORMATION_FORMAT = "dwarf-with-dsym";
				ENABLE_NS_ASSERTIONS = NO;
				ENABLE_STRICT_OBJC_MSGSEND = YES;
				GCC_C_LANGUAGE_STANDARD = gnu99;
				GCC_NO_COMMON_BLOCKS = YES;
				GCC_WARN_64_TO_32_BIT_CONVERSION = YES;
				GCC_WARN_ABOUT_RETURN_TYPE = YES_ERROR;
				GCC_WARN_UNDECLARED_SELECTOR = YES;
				GCC_WARN_UNINITIALIZED_AUTOS = YES_AGGRESSIVE;
				GCC_WARN_UNUSED_FUNCTION = YES;
				GCC_WARN_UNUSED_VARIABLE = YES;
				IPHONEOS_DEPLOYMENT_TARGET = 9.2;
				MTL_ENABLE_DEBUG_INFO = NO;
				SDKROOT = iphoneos;
				TARGETED_DEVICE_FAMILY = "1,2";
				VALIDATE_PRODUCT = YES;
			};
			name = Release;
		};
		7BA6A0701C20D42C00A41460 /* Debug */ = {
			isa = XCBuildConfiguration;
			baseConfigurationReference = 6B8395C2D9F2107BEB58B283 /* Pods.debug.xcconfig */;
			buildSettings = {
				ASSETCATALOG_COMPILER_APPICON_NAME = AppIcon;
				CODE_SIGN_IDENTITY = "iPhone Developer";
				"CODE_SIGN_IDENTITY[sdk=iphoneos*]" = "iPhone Developer";
				INFOPLIST_FILE = Showcase/Info.plist;
				LD_RUNPATH_SEARCH_PATHS = "$(inherited) @executable_path/Frameworks";
				PRODUCT_BUNDLE_IDENTIFIER = com.alikaragoz.Showcase;
				PRODUCT_NAME = "$(TARGET_NAME)";
				PROVISIONING_PROFILE = "";
			};
			name = Debug;
		};
		7BA6A0711C20D42C00A41460 /* Release */ = {
			isa = XCBuildConfiguration;
			baseConfigurationReference = F3047AEDE1ECD27398B457BA /* Pods.release.xcconfig */;
			buildSettings = {
				ASSETCATALOG_COMPILER_APPICON_NAME = AppIcon;
				CODE_SIGN_IDENTITY = "iPhone Developer";
				"CODE_SIGN_IDENTITY[sdk=iphoneos*]" = "iPhone Developer";
				INFOPLIST_FILE = Showcase/Info.plist;
				LD_RUNPATH_SEARCH_PATHS = "$(inherited) @executable_path/Frameworks";
				PRODUCT_BUNDLE_IDENTIFIER = com.alikaragoz.Showcase;
				PRODUCT_NAME = "$(TARGET_NAME)";
				PROVISIONING_PROFILE = "";
			};
			name = Release;
		};
/* End XCBuildConfiguration section */

/* Begin XCConfigurationList section */
		7BA6A0581C20D42C00A41460 /* Build configuration list for PBXProject "Showcase" */ = {
			isa = XCConfigurationList;
			buildConfigurations = (
				7BA6A06D1C20D42C00A41460 /* Debug */,
				7BA6A06E1C20D42C00A41460 /* Release */,
			);
			defaultConfigurationIsVisible = 0;
			defaultConfigurationName = Release;
		};
		7BA6A06F1C20D42C00A41460 /* Build configuration list for PBXNativeTarget "Showcase" */ = {
			isa = XCConfigurationList;
			buildConfigurations = (
				7BA6A0701C20D42C00A41460 /* Debug */,
				7BA6A0711C20D42C00A41460 /* Release */,
			);
			defaultConfigurationIsVisible = 0;
			defaultConfigurationName = Release;
		};
/* End XCConfigurationList section */
	};
	rootObject = 7BA6A0551C20D42C00A41460 /* Project object */;
}
